// !$*UTF8*$!
{
	archiveVersion = 1;
	classes = {
	};
	objectVersion = 56;
	objects = {

/* Begin PBXBuildFile section */
		11A43384292572AA0033CD9E /* Random_CatApp.swift in Sources */ = {isa = PBXBuildFile; fileRef = 11A43383292572AA0033CD9E /* Random_CatApp.swift */; };
		11A43386292572AA0033CD9E /* ContentView.swift in Sources */ = {isa = PBXBuildFile; fileRef = 11A43385292572AA0033CD9E /* ContentView.swift */; };
		11A43388292572AC0033CD9E /* Assets.xcassets in Resources */ = {isa = PBXBuildFile; fileRef = 11A43387292572AC0033CD9E /* Assets.xcassets */; };
		11A4338B292572AC0033CD9E /* Preview Assets.xcassets in Resources */ = {isa = PBXBuildFile; fileRef = 11A4338A292572AC0033CD9E /* Preview Assets.xcassets */; };
		11A43395292572AC0033CD9E /* Random_CatTests.swift in Sources */ = {isa = PBXBuildFile; fileRef = 11A43394292572AC0033CD9E /* Random_CatTests.swift */; };
		11A4339F292572AC0033CD9E /* Random_CatUITests.swift in Sources */ = {isa = PBXBuildFile; fileRef = 11A4339E292572AC0033CD9E /* Random_CatUITests.swift */; };
		11A433A1292572AC0033CD9E /* Random_CatUITestsLaunchTests.swift in Sources */ = {isa = PBXBuildFile; fileRef = 11A433A0292572AC0033CD9E /* Random_CatUITestsLaunchTests.swift */; };
/* End PBXBuildFile section */

/* Begin PBXContainerItemProxy section */
		11A43391292572AC0033CD9E /* PBXContainerItemProxy */ = {
			isa = PBXContainerItemProxy;
			containerPortal = 11A43378292572AA0033CD9E /* Project object */;
			proxyType = 1;
			remoteGlobalIDString = 11A4337F292572AA0033CD9E;
			remoteInfo = "Random Cat";
		};
		11A4339B292572AC0033CD9E /* PBXContainerItemProxy */ = {
			isa = PBXContainerItemProxy;
			containerPortal = 11A43378292572AA0033CD9E /* Project object */;
			proxyType = 1;
			remoteGlobalIDString = 11A4337F292572AA0033CD9E;
			remoteInfo = "Random Cat";
		};
/* End PBXContainerItemProxy section */

/* Begin PBXFileReference section */
		11A43380292572AA0033CD9E /* Random Cat.app */ = {isa = PBXFileReference; explicitFileType = wrapper.application; includeInIndex = 0; path = "Random Cat.app"; sourceTree = BUILT_PRODUCTS_DIR; };
		11A43383292572AA0033CD9E /* Random_CatApp.swift */ = {isa = PBXFileReference; lastKnownFileType = sourcecode.swift; path = Random_CatApp.swift; sourceTree = "<group>"; };
		11A43385292572AA0033CD9E /* ContentView.swift */ = {isa = PBXFileReference; lastKnownFileType = sourcecode.swift; path = ContentView.swift; sourceTree = "<group>"; };
		11A43387292572AC0033CD9E /* Assets.xcassets */ = {isa = PBXFileReference; lastKnownFileType = folder.assetcatalog; path = Assets.xcassets; sourceTree = "<group>"; };
		11A4338A292572AC0033CD9E /* Preview Assets.xcassets */ = {isa = PBXFileReference; lastKnownFileType = folder.assetcatalog; path = "Preview Assets.xcassets"; sourceTree = "<group>"; };
		11A43390292572AC0033CD9E /* Random CatTests.xctest */ = {isa = PBXFileReference; explicitFileType = wrapper.cfbundle; includeInIndex = 0; path = "Random CatTests.xctest"; sourceTree = BUILT_PRODUCTS_DIR; };
		11A43394292572AC0033CD9E /* Random_CatTests.swift */ = {isa = PBXFileReference; lastKnownFileType = sourcecode.swift; path = Random_CatTests.swift; sourceTree = "<group>"; };
		11A4339A292572AC0033CD9E /* Random CatUITests.xctest */ = {isa = PBXFileReference; explicitFileType = wrapper.cfbundle; includeInIndex = 0; path = "Random CatUITests.xctest"; sourceTree = BUILT_PRODUCTS_DIR; };
		11A4339E292572AC0033CD9E /* Random_CatUITests.swift */ = {isa = PBXFileReference; lastKnownFileType = sourcecode.swift; path = Random_CatUITests.swift; sourceTree = "<group>"; };
		11A433A0292572AC0033CD9E /* Random_CatUITestsLaunchTests.swift */ = {isa = PBXFileReference; lastKnownFileType = sourcecode.swift; path = Random_CatUITestsLaunchTests.swift; sourceTree = "<group>"; };
/* End PBXFileReference section */

/* Begin PBXFrameworksBuildPhase section */
		11A4337D292572AA0033CD9E /* Frameworks */ = {
			isa = PBXFrameworksBuildPhase;
			buildActionMask = 2147483647;
			files = (
			);
			runOnlyForDeploymentPostprocessing = 0;
		};
		11A4338D292572AC0033CD9E /* Frameworks */ = {
			isa = PBXFrameworksBuildPhase;
			buildActionMask = 2147483647;
			files = (
			);
			runOnlyForDeploymentPostprocessing = 0;
		};
		11A43397292572AC0033CD9E /* Frameworks */ = {
			isa = PBXFrameworksBuildPhase;
			buildActionMask = 2147483647;
			files = (
			);
			runOnlyForDeploymentPostprocessing = 0;
		};
/* End PBXFrameworksBuildPhase section */

/* Begin PBXGroup section */
		11A43377292572AA0033CD9E = {
			isa = PBXGroup;
			children = (
				11A43382292572AA0033CD9E /* Random Cat */,
				11A43393292572AC0033CD9E /* Random CatTests */,
				11A4339D292572AC0033CD9E /* Random CatUITests */,
				11A43381292572AA0033CD9E /* Products */,
			);
			sourceTree = "<group>";
		};
		11A43381292572AA0033CD9E /* Products */ = {
			isa = PBXGroup;
			children = (
				11A43380292572AA0033CD9E /* Random Cat.app */,
				11A43390292572AC0033CD9E /* Random CatTests.xctest */,
				11A4339A292572AC0033CD9E /* Random CatUITests.xctest */,
			);
			name = Products;
			sourceTree = "<group>";
		};
		11A43382292572AA0033CD9E /* Random Cat */ = {
			isa = PBXGroup;
			children = (
				11A43383292572AA0033CD9E /* Random_CatApp.swift */,
				11A43385292572AA0033CD9E /* ContentView.swift */,
				11A43387292572AC0033CD9E /* Assets.xcassets */,
				11A43389292572AC0033CD9E /* Preview Content */,
			);
			path = "Random Cat";
			sourceTree = "<group>";
		};
		11A43389292572AC0033CD9E /* Preview Content */ = {
			isa = PBXGroup;
			children = (
				11A4338A292572AC0033CD9E /* Preview Assets.xcassets */,
			);
			path = "Preview Content";
			sourceTree = "<group>";
		};
		11A43393292572AC0033CD9E /* Random CatTests */ = {
			isa = PBXGroup;
			children = (
				11A43394292572AC0033CD9E /* Random_CatTests.swift */,
			);
			path = "Random CatTests";
			sourceTree = "<group>";
		};
		11A4339D292572AC0033CD9E /* Random CatUITests */ = {
			isa = PBXGroup;
			children = (
				11A4339E292572AC0033CD9E /* Random_CatUITests.swift */,
				11A433A0292572AC0033CD9E /* Random_CatUITestsLaunchTests.swift */,
			);
			path = "Random CatUITests";
			sourceTree = "<group>";
		};
/* End PBXGroup section */

/* Begin PBXNativeTarget section */
		11A4337F292572AA0033CD9E /* Random Cat */ = {
			isa = PBXNativeTarget;
			buildConfigurationList = 11A433A4292572AC0033CD9E /* Build configuration list for PBXNativeTarget "Random Cat" */;
			buildPhases = (
				11A4337C292572AA0033CD9E /* Sources */,
				11A4337D292572AA0033CD9E /* Frameworks */,
				11A4337E292572AA0033CD9E /* Resources */,
			);
			buildRules = (
			);
			dependencies = (
			);
			name = "Random Cat";
			productName = "Random Cat";
			productReference = 11A43380292572AA0033CD9E /* Random Cat.app */;
			productType = "com.apple.product-type.application";
		};
		11A4338F292572AC0033CD9E /* Random CatTests */ = {
			isa = PBXNativeTarget;
			buildConfigurationList = 11A433A7292572AC0033CD9E /* Build configuration list for PBXNativeTarget "Random CatTests" */;
			buildPhases = (
				11A4338C292572AC0033CD9E /* Sources */,
				11A4338D292572AC0033CD9E /* Frameworks */,
				11A4338E292572AC0033CD9E /* Resources */,
			);
			buildRules = (
			);
			dependencies = (
				11A43392292572AC0033CD9E /* PBXTargetDependency */,
			);
			name = "Random CatTests";
			productName = "Random CatTests";
			productReference = 11A43390292572AC0033CD9E /* Random CatTests.xctest */;
			productType = "com.apple.product-type.bundle.unit-test";
		};
		11A43399292572AC0033CD9E /* Random CatUITests */ = {
			isa = PBXNativeTarget;
			buildConfigurationList = 11A433AA292572AC0033CD9E /* Build configuration list for PBXNativeTarget "Random CatUITests" */;
			buildPhases = (
				11A43396292572AC0033CD9E /* Sources */,
				11A43397292572AC0033CD9E /* Frameworks */,
				11A43398292572AC0033CD9E /* Resources */,
			);
			buildRules = (
			);
			dependencies = (
				11A4339C292572AC0033CD9E /* PBXTargetDependency */,
			);
			name = "Random CatUITests";
			productName = "Random CatUITests";
			productReference = 11A4339A292572AC0033CD9E /* Random CatUITests.xctest */;
			productType = "com.apple.product-type.bundle.ui-testing";
		};
/* End PBXNativeTarget section */

/* Begin PBXProject section */
		11A43378292572AA0033CD9E /* Project object */ = {
			isa = PBXProject;
			attributes = {
				BuildIndependentTargetsInParallel = 1;
				LastSwiftUpdateCheck = 1400;
				LastUpgradeCheck = 1400;
				TargetAttributes = {
					11A4337F292572AA0033CD9E = {
						CreatedOnToolsVersion = 14.0.1;
					};
					11A4338F292572AC0033CD9E = {
						CreatedOnToolsVersion = 14.0.1;
						TestTargetID = 11A4337F292572AA0033CD9E;
					};
					11A43399292572AC0033CD9E = {
						CreatedOnToolsVersion = 14.0.1;
						TestTargetID = 11A4337F292572AA0033CD9E;
					};
				};
			};
			buildConfigurationList = 11A4337B292572AA0033CD9E /* Build configuration list for PBXProject "Random Cat" */;
			compatibilityVersion = "Xcode 14.0";
			developmentRegion = en;
			hasScannedForEncodings = 0;
			knownRegions = (
				en,
				Base,
			);
			mainGroup = 11A43377292572AA0033CD9E;
			productRefGroup = 11A43381292572AA0033CD9E /* Products */;
			projectDirPath = "";
			projectRoot = "";
			targets = (
				11A4337F292572AA0033CD9E /* Random Cat */,
				11A4338F292572AC0033CD9E /* Random CatTests */,
				11A43399292572AC0033CD9E /* Random CatUITests */,
			);
		};
/* End PBXProject section */

/* Begin PBXResourcesBuildPhase section */
		11A4337E292572AA0033CD9E /* Resources */ = {
			isa = PBXResourcesBuildPhase;
			buildActionMask = 2147483647;
			files = (
				11A4338B292572AC0033CD9E /* Preview Assets.xcassets in Resources */,
				11A43388292572AC0033CD9E /* Assets.xcassets in Resources */,
			);
			runOnlyForDeploymentPostprocessing = 0;
		};
		11A4338E292572AC0033CD9E /* Resources */ = {
			isa = PBXResourcesBuildPhase;
			buildActionMask = 2147483647;
			files = (
			);
			runOnlyForDeploymentPostprocessing = 0;
		};
		11A43398292572AC0033CD9E /* Resources */ = {
			isa = PBXResourcesBuildPhase;
			buildActionMask = 2147483647;
			files = (
			);
			runOnlyForDeploymentPostprocessing = 0;
		};
/* End PBXResourcesBuildPhase section */

/* Begin PBXSourcesBuildPhase section */
		11A4337C292572AA0033CD9E /* Sources */ = {
			isa = PBXSourcesBuildPhase;
			buildActionMask = 2147483647;
			files = (
				11A43386292572AA0033CD9E /* ContentView.swift in Sources */,
				11A43384292572AA0033CD9E /* Random_CatApp.swift in Sources */,
			);
			runOnlyForDeploymentPostprocessing = 0;
		};
		11A4338C292572AC0033CD9E /* Sources */ = {
			isa = PBXSourcesBuildPhase;
			buildActionMask = 2147483647;
			files = (
				11A43395292572AC0033CD9E /* Random_CatTests.swift in Sources */,
			);
			runOnlyForDeploymentPostprocessing = 0;
		};
		11A43396292572AC0033CD9E /* Sources */ = {
			isa = PBXSourcesBuildPhase;
			buildActionMask = 2147483647;
			files = (
				11A433A1292572AC0033CD9E /* Random_CatUITestsLaunchTests.swift in Sources */,
				11A4339F292572AC0033CD9E /* Random_CatUITests.swift in Sources */,
			);
			runOnlyForDeploymentPostprocessing = 0;
		};
/* End PBXSourcesBuildPhase section */

/* Begin PBXTargetDependency section */
		11A43392292572AC0033CD9E /* PBXTargetDependency */ = {
			isa = PBXTargetDependency;
			target = 11A4337F292572AA0033CD9E /* Random Cat */;
			targetProxy = 11A43391292572AC0033CD9E /* PBXContainerItemProxy */;
		};
		11A4339C292572AC0033CD9E /* PBXTargetDependency */ = {
			isa = PBXTargetDependency;
			target = 11A4337F292572AA0033CD9E /* Random Cat */;
			targetProxy = 11A4339B292572AC0033CD9E /* PBXContainerItemProxy */;
		};
/* End PBXTargetDependency section */

/* Begin XCBuildConfiguration section */
		11A433A2292572AC0033CD9E /* Debug */ = {
			isa = XCBuildConfiguration;
			buildSettings = {
				ALWAYS_SEARCH_USER_PATHS = NO;
				CLANG_ANALYZER_NONNULL = YES;
				CLANG_ANALYZER_NUMBER_OBJECT_CONVERSION = YES_AGGRESSIVE;
				CLANG_CXX_LANGUAGE_STANDARD = "gnu++20";
				CLANG_ENABLE_MODULES = YES;
				CLANG_ENABLE_OBJC_ARC = YES;
				CLANG_ENABLE_OBJC_WEAK = YES;
				CLANG_WARN_BLOCK_CAPTURE_AUTORELEASING = YES;
				CLANG_WARN_BOOL_CONVERSION = YES;
				CLANG_WARN_COMMA = YES;
				CLANG_WARN_CONSTANT_CONVERSION = YES;
				CLANG_WARN_DEPRECATED_OBJC_IMPLEMENTATIONS = YES;
				CLANG_WARN_DIRECT_OBJC_ISA_USAGE = YES_ERROR;
				CLANG_WARN_DOCUMENTATION_COMMENTS = YES;
				CLANG_WARN_EMPTY_BODY = YES;
				CLANG_WARN_ENUM_CONVERSION = YES;
				CLANG_WARN_INFINITE_RECURSION = YES;
				CLANG_WARN_INT_CONVERSION = YES;
				CLANG_WARN_NON_LITERAL_NULL_CONVERSION = YES;
				CLANG_WARN_OBJC_IMPLICIT_RETAIN_SELF = YES;
				CLANG_WARN_OBJC_LITERAL_CONVERSION = YES;
				CLANG_WARN_OBJC_ROOT_CLASS = YES_ERROR;
				CLANG_WARN_QUOTED_INCLUDE_IN_FRAMEWORK_HEADER = YES;
				CLANG_WARN_RANGE_LOOP_ANALYSIS = YES;
				CLANG_WARN_STRICT_PROTOTYPES = YES;
				CLANG_WARN_SUSPICIOUS_MOVE = YES;
				CLANG_WARN_UNGUARDED_AVAILABILITY = YES_AGGRESSIVE;
				CLANG_WARN_UNREACHABLE_CODE = YES;
				CLANG_WARN__DUPLICATE_METHOD_MATCH = YES;
				COPY_PHASE_STRIP = NO;
				DEBUG_INFORMATION_FORMAT = dwarf;
				ENABLE_STRICT_OBJC_MSGSEND = YES;
				ENABLE_TESTABILITY = YES;
				GCC_C_LANGUAGE_STANDARD = gnu11;
				GCC_DYNAMIC_NO_PIC = NO;
				GCC_NO_COMMON_BLOCKS = YES;
				GCC_OPTIMIZATION_LEVEL = 0;
				GCC_PREPROCESSOR_DEFINITIONS = (
					"DEBUG=1",
					"$(inherited)",
				);
				GCC_WARN_64_TO_32_BIT_CONVERSION = YES;
				GCC_WARN_ABOUT_RETURN_TYPE = YES_ERROR;
				GCC_WARN_UNDECLARED_SELECTOR = YES;
				GCC_WARN_UNINITIALIZED_AUTOS = YES_AGGRESSIVE;
				GCC_WARN_UNUSED_FUNCTION = YES;
				GCC_WARN_UNUSED_VARIABLE = YES;
				IPHONEOS_DEPLOYMENT_TARGET = 16.0;
				MTL_ENABLE_DEBUG_INFO = INCLUDE_SOURCE;
				MTL_FAST_MATH = YES;
				ONLY_ACTIVE_ARCH = YES;
				SDKROOT = iphoneos;
				SWIFT_ACTIVE_COMPILATION_CONDITIONS = DEBUG;
				SWIFT_OPTIMIZATION_LEVEL = "-Onone";
			};
			name = Debug;
		};
		11A433A3292572AC0033CD9E /* Release */ = {
			isa = XCBuildConfiguration;
			buildSettings = {
				ALWAYS_SEARCH_USER_PATHS = NO;
				CLANG_ANALYZER_NONNULL = YES;
				CLANG_ANALYZER_NUMBER_OBJECT_CONVERSION = YES_AGGRESSIVE;
				CLANG_CXX_LANGUAGE_STANDARD = "gnu++20";
				CLANG_ENABLE_MODULES = YES;
				CLANG_ENABLE_OBJC_ARC = YES;
				CLANG_ENABLE_OBJC_WEAK = YES;
				CLANG_WARN_BLOCK_CAPTURE_AUTORELEASING = YES;
				CLANG_WARN_BOOL_CONVERSION = YES;
				CLANG_WARN_COMMA = YES;
				CLANG_WARN_CONSTANT_CONVERSION = YES;
				CLANG_WARN_DEPRECATED_OBJC_IMPLEMENTATIONS = YES;
				CLANG_WARN_DIRECT_OBJC_ISA_USAGE = YES_ERROR;
				CLANG_WARN_DOCUMENTATION_COMMENTS = YES;
				CLANG_WARN_EMPTY_BODY = YES;
				CLANG_WARN_ENUM_CONVERSION = YES;
				CLANG_WARN_INFINITE_RECURSION = YES;
				CLANG_WARN_INT_CONVERSION = YES;
				CLANG_WARN_NON_LITERAL_NULL_CONVERSION = YES;
				CLANG_WARN_OBJC_IMPLICIT_RETAIN_SELF = YES;
				CLANG_WARN_OBJC_LITERAL_CONVERSION = YES;
				CLANG_WARN_OBJC_ROOT_CLASS = YES_ERROR;
				CLANG_WARN_QUOTED_INCLUDE_IN_FRAMEWORK_HEADER = YES;
				CLANG_WARN_RANGE_LOOP_ANALYSIS = YES;
				CLANG_WARN_STRICT_PROTOTYPES = YES;
				CLANG_WARN_SUSPICIOUS_MOVE = YES;
				CLANG_WARN_UNGUARDED_AVAILABILITY = YES_AGGRESSIVE;
				CLANG_WARN_UNREACHABLE_CODE = YES;
				CLANG_WARN__DUPLICATE_METHOD_MATCH = YES;
				COPY_PHASE_STRIP = NO;
				DEBUG_INFORMATION_FORMAT = "dwarf-with-dsym";
				ENABLE_NS_ASSERTIONS = NO;
				ENABLE_STRICT_OBJC_MSGSEND = YES;
				GCC_C_LANGUAGE_STANDARD = gnu11;
				GCC_NO_COMMON_BLOCKS = YES;
				GCC_WARN_64_TO_32_BIT_CONVERSION = YES;
				GCC_WARN_ABOUT_RETURN_TYPE = YES_ERROR;
				GCC_WARN_UNDECLARED_SELECTOR = YES;
				GCC_WARN_UNINITIALIZED_AUTOS = YES_AGGRESSIVE;
				GCC_WARN_UNUSED_FUNCTION = YES;
				GCC_WARN_UNUSED_VARIABLE = YES;
				IPHONEOS_DEPLOYMENT_TARGET = 16.0;
				MTL_ENABLE_DEBUG_INFO = NO;
				MTL_FAST_MATH = YES;
				SDKROOT = iphoneos;
				SWIFT_COMPILATION_MODE = wholemodule;
				SWIFT_OPTIMIZATION_LEVEL = "-O";
				VALIDATE_PRODUCT = YES;
			};
			name = Release;
		};
		11A433A5292572AC0033CD9E /* Debug */ = {
			isa = XCBuildConfiguration;
			buildSettings = {
				ASSETCATALOG_COMPILER_APPICON_NAME = AppIcon;
				ASSETCATALOG_COMPILER_GLOBAL_ACCENT_COLOR_NAME = AccentColor;
				CODE_SIGN_STYLE = Automatic;
				CURRENT_PROJECT_VERSION = 1;
				DEVELOPMENT_ASSET_PATHS = "\"Random Cat/Preview Content\"";
				DEVELOPMENT_TEAM = RMUC57Y657;
				ENABLE_PREVIEWS = YES;
				GENERATE_INFOPLIST_FILE = YES;
				INFOPLIST_KEY_UIApplicationSceneManifest_Generation = YES;
				INFOPLIST_KEY_UIApplicationSupportsIndirectInputEvents = YES;
				INFOPLIST_KEY_UILaunchScreen_Generation = YES;
				INFOPLIST_KEY_UISupportedInterfaceOrientations_iPad = "UIInterfaceOrientationPortrait UIInterfaceOrientationPortraitUpsideDown UIInterfaceOrientationLandscapeLeft UIInterfaceOrientationLandscapeRight";
				INFOPLIST_KEY_UISupportedInterfaceOrientations_iPhone = "UIInterfaceOrientationPortrait UIInterfaceOrientationLandscapeLeft UIInterfaceOrientationLandscapeRight";
				LD_RUNPATH_SEARCH_PATHS = (
					"$(inherited)",
					"@executable_path/Frameworks",
				);
				MARKETING_VERSION = 1.0;
				PRODUCT_BUNDLE_IDENTIFIER = "dmilotz.Random-Cat";
				PRODUCT_NAME = "$(TARGET_NAME)";
				SWIFT_EMIT_LOC_STRINGS = YES;
				SWIFT_VERSION = 5.0;
				TARGETED_DEVICE_FAMILY = "1,2";
			};
			name = Debug;
		};
		11A433A6292572AC0033CD9E /* Release */ = {
			isa = XCBuildConfiguration;
			buildSettings = {
				ASSETCATALOG_COMPILER_APPICON_NAME = AppIcon;
				ASSETCATALOG_COMPILER_GLOBAL_ACCENT_COLOR_NAME = AccentColor;
				CODE_SIGN_STYLE = Automatic;
				CURRENT_PROJECT_VERSION = 1;
				DEVELOPMENT_ASSET_PATHS = "\"Random Cat/Preview Content\"";
				DEVELOPMENT_TEAM = RMUC57Y657;
				ENABLE_PREVIEWS = YES;
				GENERATE_INFOPLIST_FILE = YES;
				INFOPLIST_KEY_UIApplicationSceneManifest_Generation = YES;
				INFOPLIST_KEY_UIApplicationSupportsIndirectInputEvents = YES;
				INFOPLIST_KEY_UILaunchScreen_Generation = YES;
				INFOPLIST_KEY_UISupportedInterfaceOrientations_iPad = "UIInterfaceOrientationPortrait UIInterfaceOrientationPortraitUpsideDown UIInterfaceOrientationLandscapeLeft UIInterfaceOrientationLandscapeRight";
				INFOPLIST_KEY_UISupportedInterfaceOrientations_iPhone = "UIInterfaceOrientationPortrait UIInterfaceOrientationLandscapeLeft UIInterfaceOrientationLandscapeRight";
				LD_RUNPATH_SEARCH_PATHS = (
					"$(inherited)",
					"@executable_path/Frameworks",
				);
				MARKETING_VERSION = 1.0;
				PRODUCT_BUNDLE_IDENTIFIER = "dmilotz.Random-Cat";
				PRODUCT_NAME = "$(TARGET_NAME)";
				SWIFT_EMIT_LOC_STRINGS = YES;
				SWIFT_VERSION = 5.0;
				TARGETED_DEVICE_FAMILY = "1,2";
			};
			name = Release;
		};
		11A433A8292572AC0033CD9E /* Debug */ = {
			isa = XCBuildConfiguration;
			buildSettings = {
				ALWAYS_EMBED_SWIFT_STANDARD_LIBRARIES = YES;
				BUNDLE_LOADER = "$(TEST_HOST)";
				CODE_SIGN_STYLE = Automatic;
				CURRENT_PROJECT_VERSION = 1;
				DEVELOPMENT_TEAM = RMUC57Y657;
				GENERATE_INFOPLIST_FILE = YES;
				IPHONEOS_DEPLOYMENT_TARGET = 16.0;
				MARKETING_VERSION = 1.0;
				PRODUCT_BUNDLE_IDENTIFIER = "dmilotz.Random-CatTests";
				PRODUCT_NAME = "$(TARGET_NAME)";
				SWIFT_EMIT_LOC_STRINGS = NO;
				SWIFT_VERSION = 5.0;
				TARGETED_DEVICE_FAMILY = "1,2";
				TEST_HOST = "$(BUILT_PRODUCTS_DIR)/Random Cat.app/$(BUNDLE_EXECUTABLE_FOLDER_PATH)/Random Cat";
			};
			name = Debug;
		};
		11A433A9292572AC0033CD9E /* Release */ = {
			isa = XCBuildConfiguration;
			buildSettings = {
				ALWAYS_EMBED_SWIFT_STANDARD_LIBRARIES = YES;
				BUNDLE_LOADER = "$(TEST_HOST)";
				CODE_SIGN_STYLE = Automatic;
				CURRENT_PROJECT_VERSION = 1;
				DEVELOPMENT_TEAM = RMUC57Y657;
				GENERATE_INFOPLIST_FILE = YES;
				IPHONEOS_DEPLOYMENT_TARGET = 16.0;
				MARKETING_VERSION = 1.0;
				PRODUCT_BUNDLE_IDENTIFIER = "dmilotz.Random-CatTests";
				PRODUCT_NAME = "$(TARGET_NAME)";
				SWIFT_EMIT_LOC_STRINGS = NO;
				SWIFT_VERSION = 5.0;
				TARGETED_DEVICE_FAMILY = "1,2";
				TEST_HOST = "$(BUILT_PRODUCTS_DIR)/Random Cat.app/$(BUNDLE_EXECUTABLE_FOLDER_PATH)/Random Cat";
			};
			name = Release;
		};
		11A433AB292572AC0033CD9E /* Debug */ = {
			isa = XCBuildConfiguration;
			buildSettings = {
				ALWAYS_EMBED_SWIFT_STANDARD_LIBRARIES = YES;
				CODE_SIGN_STYLE = Automatic;
				CURRENT_PROJECT_VERSION = 1;
				DEVELOPMENT_TEAM = RMUC57Y657;
				GENERATE_INFOPLIST_FILE = YES;
				MARKETING_VERSION = 1.0;
				PRODUCT_BUNDLE_IDENTIFIER = "dmilotz.Random-CatUITests";
				PRODUCT_NAME = "$(TARGET_NAME)";
				SWIFT_EMIT_LOC_STRINGS = NO;
				SWIFT_VERSION = 5.0;
				TARGETED_DEVICE_FAMILY = "1,2";
				TEST_TARGET_NAME = "Random Cat";
			};
			name = Debug;
		};
		11A433AC292572AC0033CD9E /* Release */ = {
			isa = XCBuildConfiguration;
			buildSettings = {
				ALWAYS_EMBED_SWIFT_STANDARD_LIBRARIES = YES;
				CODE_SIGN_STYLE = Automatic;
				CURRENT_PROJECT_VERSION = 1;
				DEVELOPMENT_TEAM = RMUC57Y657;
				GENERATE_INFOPLIST_FILE = YES;
				MARKETING_VERSION = 1.0;
				PRODUCT_BUNDLE_IDENTIFIER = "dmilotz.Random-CatUITests";
				PRODUCT_NAME = "$(TARGET_NAME)";
				SWIFT_EMIT_LOC_STRINGS = NO;
				SWIFT_VERSION = 5.0;
				TARGETED_DEVICE_FAMILY = "1,2";
				TEST_TARGET_NAME = "Random Cat";
			};
			name = Release;
		};
/* End XCBuildConfiguration section */

/* Begin XCConfigurationList section */
		11A4337B292572AA0033CD9E /* Build configuration list for PBXProject "Random Cat" */ = {
			isa = XCConfigurationList;
			buildConfigurations = (
				11A433A2292572AC0033CD9E /* Debug */,
				11A433A3292572AC0033CD9E /* Release */,
			);
			defaultConfigurationIsVisible = 0;
			defaultConfigurationName = Release;
		};
		11A433A4292572AC0033CD9E /* Build configuration list for PBXNativeTarget "Random Cat" */ = {
			isa = XCConfigurationList;
			buildConfigurations = (
				11A433A5292572AC0033CD9E /* Debug */,
				11A433A6292572AC0033CD9E /* Release */,
			);
			defaultConfigurationIsVisible = 0;
			defaultConfigurationName = Release;
		};
		11A433A7292572AC0033CD9E /* Build configuration list for PBXNativeTarget "Random CatTests" */ = {
			isa = XCConfigurationList;
			buildConfigurations = (
				11A433A8292572AC0033CD9E /* Debug */,
				11A433A9292572AC0033CD9E /* Release */,
			);
			defaultConfigurationIsVisible = 0;
			defaultConfigurationName = Release;
		};
		11A433AA292572AC0033CD9E /* Build configuration list for PBXNativeTarget "Random CatUITests" */ = {
			isa = XCConfigurationList;
			buildConfigurations = (
				11A433AB292572AC0033CD9E /* Debug */,
				11A433AC292572AC0033CD9E /* Release */,
			);
			defaultConfigurationIsVisible = 0;
			defaultConfigurationName = Release;
		};
/* End XCConfigurationList section */
	};
	rootObject = 11A43378292572AA0033CD9E /* Project object */;
}
